
Microsoft Visual Studio Solution File, Format Version 12.00
# Visual Studio 15
VisualStudioVersion = 15.0.27703.2035
MinimumVisualStudioVersion = 10.0.40219.1
Project("{FAE04EC0-301F-11D3-BF4B-00C04F79EFBC}") = "JenkinsTest", "JenkinsTest\JenkinsTest.csproj", "{19E6A80C-119A-4112-99B2-DD1F66D1719B}"
EndProject
Global
	GlobalSection(SolutionConfigurationPlatforms) = preSolution
		Debug|Any CPU = Debug|Any CPU
		Release|Any CPU = Release|Any CPU
	EndGlobalSection
	GlobalSection(ProjectConfigurationPlatforms) = postSolution
		{19E6A80C-119A-4112-99B2-DD1F66D1719B}.Debug|Any CPU.ActiveCfg = Debug|Any CPU
		{19E6A80C-119A-4112-99B2-DD1F66D1719B}.Debug|Any CPU.Build.0 = Debug|Any CPU
		{19E6A80C-119A-4112-99B2-DD1F66D1719B}.Release|Any CPU.ActiveCfg = Release|Any CPU
		{19E6A80C-119A-4112-99B2-DD1F66D1719B}.Release|Any CPU.Build.0 = Release|Any CPU
	EndGlobalSection
	GlobalSection(SolutionProperties) = preSolution
		HideSolutionNode = FALSE
	EndGlobalSection
	GlobalSection(ExtensibilityGlobals) = postSolution
		SolutionGuid = {86CDA5D9-BEFE-4AB7-907A-F21FD3CD1694}
	EndGlobalSection
EndGlobal
